
Microsoft Visual Studio Solution File, Format Version 12.00
# Visual Studio Version 17
VisualStudioVersion = 17.8.34408.163
MinimumVisualStudioVersion = 10.0.40219.1
Project("{9A19103F-16F7-4668-BE54-9A1E7A4F7556}") = "1.2", "1.2.csproj", "{D92D8F8E-9AA0-45E5-BA71-375C68CD3CD5}"
EndProject
Global
	GlobalSection(SolutionConfigurationPlatforms) = preSolution
		Debug|Any CPU = Debug|Any CPU
		Release|Any CPU = Release|Any CPU
	EndGlobalSection
	GlobalSection(ProjectConfigurationPlatforms) = postSolution
		{D92D8F8E-9AA0-45E5-BA71-375C68CD3CD5}.Debug|Any CPU.ActiveCfg = Debug|Any CPU
		{D92D8F8E-9AA0-45E5-BA71-375C68CD3CD5}.Debug|Any CPU.Build.0 = Debug|Any CPU
		{D92D8F8E-9AA0-45E5-BA71-375C68CD3CD5}.Release|Any CPU.ActiveCfg = Release|Any CPU
		{D92D8F8E-9AA0-45E5-BA71-375C68CD3CD5}.Release|Any CPU.Build.0 = Release|Any CPU
	EndGlobalSection
	GlobalSection(SolutionProperties) = preSolution
		HideSolutionNode = FALSE
	EndGlobalSection
	GlobalSection(ExtensibilityGlobals) = postSolution
		SolutionGuid = {D70EEE97-1026-4F2D-80BA-C3FDF4B11912}
	EndGlobalSection
EndGlobal
